
Microsoft Visual Studio Solution File, Format Version 12.00
# Visual Studio Version 17
VisualStudioVersion = 17.3.32929.385
MinimumVisualStudioVersion = 10.0.40219.1
Project("{FAE04EC0-301F-11D3-BF4B-00C04F79EFBC}") = "client", "client\client.csproj", "{0EDFD2A7-56BA-4D02-831D-9766ACCBD2FC}"
EndProject
Global
	GlobalSection(SolutionConfigurationPlatforms) = preSolution
		Debug|Any CPU = Debug|Any CPU
		Release|Any CPU = Release|Any CPU
	EndGlobalSection
	GlobalSection(ProjectConfigurationPlatforms) = postSolution
		{0EDFD2A7-56BA-4D02-831D-9766ACCBD2FC}.Debug|Any CPU.ActiveCfg = Debug|Any CPU
		{0EDFD2A7-56BA-4D02-831D-9766ACCBD2FC}.Debug|Any CPU.Build.0 = Debug|Any CPU
		{0EDFD2A7-56BA-4D02-831D-9766ACCBD2FC}.Release|Any CPU.ActiveCfg = Release|Any CPU
		{0EDFD2A7-56BA-4D02-831D-9766ACCBD2FC}.Release|Any CPU.Build.0 = Release|Any CPU
	EndGlobalSection
	GlobalSection(SolutionProperties) = preSolution
		HideSolutionNode = FALSE
	EndGlobalSection
	GlobalSection(ExtensibilityGlobals) = postSolution
		SolutionGuid = {B0523DFB-06E0-4B64-8767-262F5A3E9CFC}
	EndGlobalSection
EndGlobal
